
Microsoft Visual Studio Solution File, Format Version 12.00
# Visual Studio Version 16
VisualStudioVersion = 16.0.31613.86
MinimumVisualStudioVersion = 10.0.40219.1
Project("{9A19103F-16F7-4668-BE54-9A1E7A4F7556}") = "AuthDemo.Api", "AuthDemo.Api\AuthDemo.Api.csproj", "{F489E580-EDC7-4811-807A-B7F97261FA24}"
EndProject
Project("{9A19103F-16F7-4668-BE54-9A1E7A4F7556}") = "AuthDemo.Domain", "AuthDemo.Domain\AuthDemo.Domain.csproj", "{00E0C6EC-7F45-47EF-9087-93AD08DC42D7}"
EndProject
Project("{9A19103F-16F7-4668-BE54-9A1E7A4F7556}") = "AuthDemo.Application", "AuthDemo.Application\AuthDemo.Application.csproj", "{31A4E8AD-C338-4296-B91A-2F17DF89E0DB}"
EndProject
Project("{9A19103F-16F7-4668-BE54-9A1E7A4F7556}") = "AuthDemo.Infrastructure", "AuthDemo.Infrastructure\AuthDemo.Infrastructure.csproj", "{5D8534D9-545F-4596-A9A1-8DACC1A4C597}"
EndProject
Global
	GlobalSection(SolutionConfigurationPlatforms) = preSolution
		Debug|Any CPU = Debug|Any CPU
		Release|Any CPU = Release|Any CPU
	EndGlobalSection
	GlobalSection(ProjectConfigurationPlatforms) = postSolution
		{F489E580-EDC7-4811-807A-B7F97261FA24}.Debug|Any CPU.ActiveCfg = Debug|Any CPU
		{F489E580-EDC7-4811-807A-B7F97261FA24}.Debug|Any CPU.Build.0 = Debug|Any CPU
		{F489E580-EDC7-4811-807A-B7F97261FA24}.Release|Any CPU.ActiveCfg = Release|Any CPU
		{F489E580-EDC7-4811-807A-B7F97261FA24}.Release|Any CPU.Build.0 = Release|Any CPU
		{00E0C6EC-7F45-47EF-9087-93AD08DC42D7}.Debug|Any CPU.ActiveCfg = Debug|Any CPU
		{00E0C6EC-7F45-47EF-9087-93AD08DC42D7}.Debug|Any CPU.Build.0 = Debug|Any CPU
		{00E0C6EC-7F45-47EF-9087-93AD08DC42D7}.Release|Any CPU.ActiveCfg = Release|Any CPU
		{00E0C6EC-7F45-47EF-9087-93AD08DC42D7}.Release|Any CPU.Build.0 = Release|Any CPU
		{31A4E8AD-C338-4296-B91A-2F17DF89E0DB}.Debug|Any CPU.ActiveCfg = Debug|Any CPU
		{31A4E8AD-C338-4296-B91A-2F17DF89E0DB}.Debug|Any CPU.Build.0 = Debug|Any CPU
		{31A4E8AD-C338-4296-B91A-2F17DF89E0DB}.Release|Any CPU.ActiveCfg = Release|Any CPU
		{31A4E8AD-C338-4296-B91A-2F17DF89E0DB}.Release|Any CPU.Build.0 = Release|Any CPU
		{5D8534D9-545F-4596-A9A1-8DACC1A4C597}.Debug|Any CPU.ActiveCfg = Debug|Any CPU
		{5D8534D9-545F-4596-A9A1-8DACC1A4C597}.Debug|Any CPU.Build.0 = Debug|Any CPU
		{5D8534D9-545F-4596-A9A1-8DACC1A4C597}.Release|Any CPU.ActiveCfg = Release|Any CPU
		{5D8534D9-545F-4596-A9A1-8DACC1A4C597}.Release|Any CPU.Build.0 = Release|Any CPU
	EndGlobalSection
	GlobalSection(SolutionProperties) = preSolution
		HideSolutionNode = FALSE
	EndGlobalSection
	GlobalSection(ExtensibilityGlobals) = postSolution
		SolutionGuid = {F7E22E73-3E35-4213-AEE2-A949E9C40451}
	EndGlobalSection
EndGlobal
